{
  "name": "test-lambda-function",
  "version": "1.0.0",
  "lockfileVersion": 1,
  "requires": true,
  "dependencies": {
    "chownr": {
      "version": "1.0.1",
      "resolved": "https://registry.npmjs.org/chownr/-/chownr-1.0.1.tgz",
      "integrity": "sha1-4qdQQqlVGQi+vSW4Uj1fl2nXkYE="
    },
    "fs-minipass": {
      "version": "1.2.5",
      "resolved": "https://registry.npmjs.org/fs-minipass/-/fs-minipass-1.2.5.tgz",
      "integrity": "sha512-JhBl0skXjUPCFH7x6x61gQxrKyXsxB5gcgePLZCwfyCGGsTISMoIeObbrvVeP6Xmyaudw4TT43qV2Gz+iyd2oQ==",
      "requires": {
        "minipass": "2.2.1"
      }
    },
    "lambda-node-runtime": {
      "version": "0.0.13",
      "resolved": "https://registry.npmjs.org/lambda-node-runtime/-/lambda-node-runtime-0.0.13.tgz",
      "integrity": "sha512-UATpT6bTBFhXNQhTkNE2Nl5EzCbhUH3Aw9oLH10FnuqaIlnRZiq3nMi+Nz3wrSKtlZCEsdWrocJPpJ3o6Gwlzg==",
      "requires": {
        "tar": "4.4.0"
      }
    },
    "minimist": {
      "version": "0.0.8",
      "resolved": "https://registry.npmjs.org/minimist/-/minimist-0.0.8.tgz",
      "integrity": "sha1-hX/Kv8M5fSYluCKCYuhqp6ARsF0="
    },
    "minipass": {
      "version": "2.2.1",
      "resolved": "https://registry.npmjs.org/minipass/-/minipass-2.2.1.tgz",
      "integrity": "sha512-u1aUllxPJUI07cOqzR7reGmQxmCqlH88uIIsf6XZFEWgw7gXKpJdR+5R9Y3KEDmWYkdIz9wXZs3C0jOPxejk/Q==",
      "requires": {
        "yallist": "3.0.2"
      }
    },
    "minizlib": {
      "version": "1.1.0",
      "resolved": "https://registry.npmjs.org/minizlib/-/minizlib-1.1.0.tgz",
      "integrity": "sha512-4T6Ur/GctZ27nHfpt9THOdRZNgyJ9FZchYO1ceg5S8Q3DNLCKYy44nCZzgCJgcvx2UM8czmqak5BCxJMrq37lA==",
      "requires": {
        "minipass": "2.2.1"
      }
    },
    "mkdirp": {
      "version": "0.5.1",
      "resolved": "https://registry.npmjs.org/mkdirp/-/mkdirp-0.5.1.tgz",
      "integrity": "sha1-MAV0OOrGz3+MR2fzhkjWaX11yQM=",
      "requires": {
        "minimist": "0.0.8"
      }
    },
    "tar": {
      "version": "4.4.0",
      "resolved": "https://registry.npmjs.org/tar/-/tar-4.4.0.tgz",
      "integrity": "sha512-gJlTiiErwo96K904FnoYWl+5+FBgS+FimU6GMh66XLdLa55al8+d4jeDfPoGwSNHdtWI5FJP6xurmVqhBuGJpQ==",
      "requires": {
        "chownr": "1.0.1",
        "fs-minipass": "1.2.5",
        "minipass": "2.2.1",
        "minizlib": "1.1.0",
        "mkdirp": "0.5.1",
        "yallist": "3.0.2"
      }
    },
    "yallist": {
      "version": "3.0.2",
      "resolved": "https://registry.npmjs.org/yallist/-/yallist-3.0.2.tgz",
      "integrity": "sha1-hFK0u36Dx8GI2AQcGoN8dz1ti7k="
    }
  }
}
